
Microsoft Visual Studio Solution File, Format Version 12.00
# Visual Studio Version 17
VisualStudioVersion = 17.0.31903.59
MinimumVisualStudioVersion = 10.0.40219.1
Project("{9A19103F-16F7-4668-BE54-9A1E7A4F7556}") = "WebApplication1", "WebApplication1\WebApplication1.csproj", "{0CAC8808-2284-4BF8-8FDC-AAF34495BDFB}"
EndProject
Global
	GlobalSection(SolutionConfigurationPlatforms) = preSolution
		Debug|Any CPU = Debug|Any CPU
		Release|Any CPU = Release|Any CPU
	EndGlobalSection
	GlobalSection(ProjectConfigurationPlatforms) = postSolution
		{0CAC8808-2284-4BF8-8FDC-AAF34495BDFB}.Debug|Any CPU.ActiveCfg = Debug|Any CPU
		{0CAC8808-2284-4BF8-8FDC-AAF34495BDFB}.Debug|Any CPU.Build.0 = Debug|Any CPU
		{0CAC8808-2284-4BF8-8FDC-AAF34495BDFB}.Release|Any CPU.ActiveCfg = Release|Any CPU
		{0CAC8808-2284-4BF8-8FDC-AAF34495BDFB}.Release|Any CPU.Build.0 = Release|Any CPU
	EndGlobalSection
	GlobalSection(SolutionProperties) = preSolution
		HideSolutionNode = FALSE
	EndGlobalSection
	GlobalSection(ExtensibilityGlobals) = postSolution
		SolutionGuid = {F49C7437-9602-4094-826A-CFA655FCA83A}
	EndGlobalSection
EndGlobal
